
Microsoft Visual Studio Solution File, Format Version 12.00
# Visual Studio 15
VisualStudioVersion = 15.0.27130.2010
MinimumVisualStudioVersion = 10.0.40219.1
Project("{9A19103F-16F7-4668-BE54-9A1E7A4F7556}") = "AKQA.BL", "AKQA.BL\AKQA.BL.csproj", "{80CCF078-AADC-4C7F-875A-98E3CA2653D8}"
EndProject
Project("{9A19103F-16F7-4668-BE54-9A1E7A4F7556}") = "AKQA.Test", "AKQA.Test\AKQA.Test.csproj", "{D2B65B34-5E58-455D-9DF2-20EC25F8F355}"
EndProject
Project("{FAE04EC0-301F-11D3-BF4B-00C04F79EFBC}") = "AKQA.Web", "AKQA.Web\AKQA.Web.csproj", "{69628BAC-380B-4ACD-80F4-0B330D684223}"
EndProject
Global
	GlobalSection(SolutionConfigurationPlatforms) = preSolution
		Debug|Any CPU = Debug|Any CPU
		Release|Any CPU = Release|Any CPU
	EndGlobalSection
	GlobalSection(ProjectConfigurationPlatforms) = postSolution
		{80CCF078-AADC-4C7F-875A-98E3CA2653D8}.Debug|Any CPU.ActiveCfg = Debug|Any CPU
		{80CCF078-AADC-4C7F-875A-98E3CA2653D8}.Debug|Any CPU.Build.0 = Debug|Any CPU
		{80CCF078-AADC-4C7F-875A-98E3CA2653D8}.Release|Any CPU.ActiveCfg = Release|Any CPU
		{80CCF078-AADC-4C7F-875A-98E3CA2653D8}.Release|Any CPU.Build.0 = Release|Any CPU
		{D2B65B34-5E58-455D-9DF2-20EC25F8F355}.Debug|Any CPU.ActiveCfg = Debug|Any CPU
		{D2B65B34-5E58-455D-9DF2-20EC25F8F355}.Debug|Any CPU.Build.0 = Debug|Any CPU
		{D2B65B34-5E58-455D-9DF2-20EC25F8F355}.Release|Any CPU.ActiveCfg = Release|Any CPU
		{D2B65B34-5E58-455D-9DF2-20EC25F8F355}.Release|Any CPU.Build.0 = Release|Any CPU
		{69628BAC-380B-4ACD-80F4-0B330D684223}.Debug|Any CPU.ActiveCfg = Debug|Any CPU
		{69628BAC-380B-4ACD-80F4-0B330D684223}.Debug|Any CPU.Build.0 = Debug|Any CPU
		{69628BAC-380B-4ACD-80F4-0B330D684223}.Release|Any CPU.ActiveCfg = Release|Any CPU
		{69628BAC-380B-4ACD-80F4-0B330D684223}.Release|Any CPU.Build.0 = Release|Any CPU
	EndGlobalSection
	GlobalSection(SolutionProperties) = preSolution
		HideSolutionNode = FALSE
	EndGlobalSection
	GlobalSection(ExtensibilityGlobals) = postSolution
		SolutionGuid = {E1451611-DE6A-4833-A589-C4AF2533A24C}
	EndGlobalSection
EndGlobal
